PODS:
  - Flutter (1.0.0)
  - flutter_cidscan (0.0.1):
    - Flutter

DEPENDENCIES:
  - Flutter (from `Flutter`)
  - flutter_cidscan (from `.symlinks/plugins/flutter_cidscan/ios`)

EXTERNAL SOURCES:
  Flutter:
    :path: Flutter
  flutter_cidscan:
    :path: ".symlinks/plugins/flutter_cidscan/ios"

SPEC CHECKSUMS:
  Flutter: 434fef37c0980e73bb6479ef766c45957d4b510c
  flutter_cidscan: 12c891961943d0464ccb37c9e48197723b45fc04

PODFILE CHECKSUM: aafe91acc616949ddb318b77800a7f51bffa2a4c

COCOAPODS: 1.10.0
