PODS:
  - Flutter (1.0.0)
  - flutter_cidscan (0.0.2):
    - Flutter

DEPENDENCIES:
  - Flutter (from `Flutter`)
  - flutter_cidscan (from `.symlinks/plugins/flutter_cidscan/ios`)

EXTERNAL SOURCES:
  Flutter:
    :path: Flutter
  flutter_cidscan:
    :path: ".symlinks/plugins/flutter_cidscan/ios"

SPEC CHECKSUMS:
  Flutter: 50d75fe2f02b26cc09d224853bb45737f8b3214a
  flutter_cidscan: 9bd8484623b6f2c9edaa1e044e5238ab18e344fe

PODFILE CHECKSUM: aafe91acc616949ddb318b77800a7f51bffa2a4c

COCOAPODS: 1.10.2
