PODS:
  - Flutter (1.0.0)
  - flutter_cidscan (0.0.1):
    - Flutter

DEPENDENCIES:
  - Flutter (from `Flutter`)
  - flutter_cidscan (from `.symlinks/plugins/flutter_cidscan/ios`)

EXTERNAL SOURCES:
  Flutter:
    :path: Flutter
  flutter_cidscan:
    :path: ".symlinks/plugins/flutter_cidscan/ios"

SPEC CHECKSUMS:
  Flutter: 0e3d915762c693b495b44d77113d4970485de6ec
  flutter_cidscan: a2d57d755719314aaf31d55089411de7dc8d08ae

PODFILE CHECKSUM: 8e679eca47255a8ca8067c4c67aab20e64cb974d

COCOAPODS: 1.10.0
